{
  "name": "security",
  "version": "1.0.0",
  "lockfileVersion": 1,
  "requires": true,
  "dependencies": {
    "crypto-js": {
      "version": "4.0.0",
      "resolved": "https://registry.npmjs.org/crypto-js/-/crypto-js-4.0.0.tgz",
      "integrity": "sha512-bzHZN8Pn+gS7DQA6n+iUmBfl0hO5DJq++QP3U6uTucDtk/0iGpXd/Gg7CGR0p8tJhofJyaKoWBuJI4eAO00BBg=="
    },
    "simple-crypto-js": {
      "version": "2.3.0",
      "resolved": "https://registry.npmjs.org/simple-crypto-js/-/simple-crypto-js-2.3.0.tgz",
      "integrity": "sha512-vIac75fH0Teym/r3zNO4BMpdWaPKfqxrRBIliMHg92qiDcxsVKRcSdrN+i9BeCgyGff0oxKOHIi94UaDxbkIcg==",
      "requires": {
        "crypto-js": "^4.0.0"
      }
    }
  }
}
