# THIS IS AN AUTOGENERATED FILE. DO NOT EDIT THIS FILE DIRECTLY.
# yarn lockfile v1


crypto-js@^3.1.9-1:
  version "3.1.9-1"
  resolved "https://registry.yarnpkg.com/crypto-js/-/crypto-js-3.1.9-1.tgz#fda19e761fc077e01ffbfdc6e9fdfc59e8806cd8"

simple-crypto-js@^2.0.2:
  version "2.0.2"
  resolved "https://registry.yarnpkg.com/simple-crypto-js/-/simple-crypto-js-2.0.2.tgz#8075fe0ffa984f70027dd3e148a240f2603732c9"
  dependencies:
    crypto-js "^3.1.9-1"
