{
  "requires": true,
  "lockfileVersion": 1,
  "dependencies": {
    "@angular/animations": {
      "version": "6.0.1",
      "resolved": "https://registry.npmjs.org/@angular/animations/-/animations-6.0.1.tgz",
      "integrity": "sha512-L/8v0j50VPKX08gvdHpzYnkKzqvBJ/RDH74aqOGV637Nsa3hxe0yyq7FNg0t7pRsGk3k0b6RXeBlosKo7Sj7rA==",
      "requires": {
        "tslib": "^1.9.0"
      }
    },
    "@angular/cdk": {
      "version": "6.0.2",
      "resolved": "https://registry.npmjs.org/@angular/cdk/-/cdk-6.0.2.tgz",
      "integrity": "sha512-UY+S0FZkyDoxn5aaj5Ue3fGlOQKEnNBJXasaUQbSYKZiUkyFJkgmcSHRJlJuCAunJAtW3IIOhPSFxLZIj7lCHA==",
      "requires": {
        "tslib": "^1.7.1"
      }
    },
    "@angular/material": {
      "version": "6.0.2",
      "resolved": "https://registry.npmjs.org/@angular/material/-/material-6.0.2.tgz",
      "integrity": "sha512-928g7cnnRIJJx9/pC5GWqypcxrKkfijTCrCC6yeypvcgab1pmsk7m+1uE8VSFGIsUb6x8W3CF5nJUT1viuBIZg==",
      "requires": {
        "tslib": "^1.7.1"
      }
    },
    "hammerjs": {
      "version": "2.0.8",
      "resolved": "https://registry.npmjs.org/hammerjs/-/hammerjs-2.0.8.tgz",
      "integrity": "sha1-BO93hiz/K7edMPdpIJWTAiK/YPE="
    },
    "install": {
      "version": "0.11.0",
      "resolved": "https://registry.npmjs.org/install/-/install-0.11.0.tgz",
      "integrity": "sha512-30UqvWKr/59SStU2/bRye4wT1S3mzjwa0oV+BxusB0neGqhxUrwLlnXDbt6QtIfBxCNWFqg+ARnGNjFj8XuV5A=="
    },
    "tslib": {
      "version": "1.9.1",
      "resolved": "https://registry.npmjs.org/tslib/-/tslib-1.9.1.tgz",
      "integrity": "sha512-avfPS28HmGLLc2o4elcc2EIq2FcH++Yo5YxpBZi9Yw93BCTGFthI4HPE4Rpep6vSYQaK8e69PelM44tPj+RaQg=="
    }
  }
}
